
Microsoft Visual Studio Solution File, Format Version 12.00
# Visual Studio Version 16
VisualStudioVersion = 16.0.31624.102
MinimumVisualStudioVersion = 10.0.40219.1
Project("{FAE04EC0-301F-11D3-BF4B-00C04F79EFBC}") = "SaintBoolies", "SaintBoolies\SaintBoolies.csproj", "{71232DD7-F757-4717-8B33-77BCAA3D4852}"
EndProject
Global
	GlobalSection(SolutionConfigurationPlatforms) = preSolution
		Debug|Any CPU = Debug|Any CPU
		Release|Any CPU = Release|Any CPU
	EndGlobalSection
	GlobalSection(ProjectConfigurationPlatforms) = postSolution
		{71232DD7-F757-4717-8B33-77BCAA3D4852}.Debug|Any CPU.ActiveCfg = Debug|Any CPU
		{71232DD7-F757-4717-8B33-77BCAA3D4852}.Debug|Any CPU.Build.0 = Debug|Any CPU
		{71232DD7-F757-4717-8B33-77BCAA3D4852}.Release|Any CPU.ActiveCfg = Release|Any CPU
		{71232DD7-F757-4717-8B33-77BCAA3D4852}.Release|Any CPU.Build.0 = Release|Any CPU
	EndGlobalSection
	GlobalSection(SolutionProperties) = preSolution
		HideSolutionNode = FALSE
	EndGlobalSection
	GlobalSection(ExtensibilityGlobals) = postSolution
		SolutionGuid = {6C652017-231C-4AB6-AFBF-E0D2DD8A6E1A}
	EndGlobalSection
EndGlobal
